
Microsoft Visual Studio Solution File, Format Version 12.00
# Visual Studio Version 16
VisualStudioVersion = 16.0.31729.503
MinimumVisualStudioVersion = 10.0.40219.1
Project("{FAE04EC0-301F-11D3-BF4B-00C04F79EFBC}") = "BuilderPadrao", "BuilderPadrao.csproj", "{15368442-7DCE-4120-9EBB-359ECF7D3027}"
EndProject
Global
	GlobalSection(SolutionConfigurationPlatforms) = preSolution
		Debug|Any CPU = Debug|Any CPU
		Release|Any CPU = Release|Any CPU
	EndGlobalSection
	GlobalSection(ProjectConfigurationPlatforms) = postSolution
		{15368442-7DCE-4120-9EBB-359ECF7D3027}.Debug|Any CPU.ActiveCfg = Debug|Any CPU
		{15368442-7DCE-4120-9EBB-359ECF7D3027}.Debug|Any CPU.Build.0 = Debug|Any CPU
		{15368442-7DCE-4120-9EBB-359ECF7D3027}.Release|Any CPU.ActiveCfg = Release|Any CPU
		{15368442-7DCE-4120-9EBB-359ECF7D3027}.Release|Any CPU.Build.0 = Release|Any CPU
	EndGlobalSection
	GlobalSection(SolutionProperties) = preSolution
		HideSolutionNode = FALSE
	EndGlobalSection
	GlobalSection(ExtensibilityGlobals) = postSolution
		SolutionGuid = {D5814731-32C7-464B-BBD2-A35723037E33}
	EndGlobalSection
EndGlobal
